
Microsoft Visual Studio Solution File, Format Version 12.00
# Visual Studio Version 17
VisualStudioVersion = 17.13.35818.85 d17.13
MinimumVisualStudioVersion = 10.0.40219.1
Project("{2150E333-8FDC-42A3-9474-1A3956D46DE8}") = "src", "src", "{02EA681E-C7D8-13C7-8484-4AC65E1B71E8}"
EndProject
Project("{2150E333-8FDC-42A3-9474-1A3956D46DE8}") = "Documentation", "Documentation", "{308A1410-521A-4FA4-9BD2-3DB6CC8792F1}"
	ProjectSection(SolutionItems) = preProject
		Documentation\APIDocumentation.md = Documentation\APIDocumentation.md
		Documentation\APIDocumentation_ES.md = Documentation\APIDocumentation_ES.md
		Documentation\ArchitecctureDetails.md = Documentation\ArchitecctureDetails.md
		Documentation\ArchitecctureDetails_ES.md = Documentation\ArchitecctureDetails_ES.md
		Documentation\InstallationGuide.md = Documentation\InstallationGuide.md
		Documentation\InstallationGuid_ES.md = Documentation\InstallationGuid_ES.md
		Documentation\SecurityGuideLines.md = Documentation\SecurityGuideLines.md
		Documentation\SecurityGuideLines_ES.md = Documentation\SecurityGuideLines_ES.md
	EndProjectSection
EndProject
Project("{2150E333-8FDC-42A3-9474-1A3956D46DE8}") = "Tests", "Tests", "{44475BE1-0AB8-451D-AC47-C4FC3DEE519C}"
EndProject
Project("{2150E333-8FDC-42A3-9474-1A3956D46DE8}") = "API", "API", "{C16695FF-C843-4749-96A0-D18D18B1A5F4}"
EndProject
Project("{2150E333-8FDC-42A3-9474-1A3956D46DE8}") = "Core", "Core", "{5311FFE5-47E2-412D-B940-F5C2B4AFB7FA}"
EndProject
Project("{2150E333-8FDC-42A3-9474-1A3956D46DE8}") = "Infrstructure", "Infrstructure", "{E95CD4A0-776F-4E2D-8BBA-BAA119766576}"
EndProject
Project("{FAE04EC0-301F-11D3-BF4B-00C04F79EFBC}") = "SOLTEC.CRM_API", "src\SOLTEC.CRM_API\SOLTEC.CRM_API.csproj", "{368662A1-D10C-4232-A6DB-100AED2121EF}"
EndProject
Project("{FAE04EC0-301F-11D3-BF4B-00C04F79EFBC}") = "SOLTEC.CRM_API.Infrastructure", "src\SOLTEC.CRM_API.Infrastructure\SOLTEC.CRM_API.Infrastructure.csproj", "{F0A0046C-2F1F-454F-B5B9-0A172247C2E7}"
EndProject
Project("{FAE04EC0-301F-11D3-BF4B-00C04F79EFBC}") = "SOLTEC.CRM_API.Domain", "src\SOLTEC.CRM_API.Domain\SOLTEC.CRM_API.Domain.csproj", "{FD0E6E2B-ABB5-4C73-A03C-796B78D565B2}"
EndProject
Project("{FAE04EC0-301F-11D3-BF4B-00C04F79EFBC}") = "SOLTEC.CRM_API.Application", "src\SOLTEC.CRM_API.Application\SOLTEC.CRM_API.Application.csproj", "{15CA705F-59E5-4E89-8E98-A3314C842897}"
EndProject
Project("{FAE04EC0-301F-11D3-BF4B-00C04F79EFBC}") = "SOLTEC.CRM_API.Tests", "Tests\SOLTEC.CRM_API.Tests\SOLTEC.CRM_API.Tests.csproj", "{541519DB-1F5D-4AFF-90B9-0186E5B61DE8}"
EndProject
Project("{2150E333-8FDC-42A3-9474-1A3956D46DE8}") = "Elementos de la solución", "Elementos de la solución", "{D107F4C8-89CC-BEA8-D3D7-CA6B7733353D}"
	ProjectSection(SolutionItems) = preProject
		CONTRIBUTORS.txt = CONTRIBUTORS.txt
		LICENSE = LICENSE
		README.md = README.md
	EndProjectSection
EndProject
Global
	GlobalSection(SolutionConfigurationPlatforms) = preSolution
		Debug|Any CPU = Debug|Any CPU
		Release|Any CPU = Release|Any CPU
	EndGlobalSection
	GlobalSection(ProjectConfigurationPlatforms) = postSolution
		{368662A1-D10C-4232-A6DB-100AED2121EF}.Debug|Any CPU.ActiveCfg = Debug|Any CPU
		{368662A1-D10C-4232-A6DB-100AED2121EF}.Debug|Any CPU.Build.0 = Debug|Any CPU
		{368662A1-D10C-4232-A6DB-100AED2121EF}.Release|Any CPU.ActiveCfg = Release|Any CPU
		{368662A1-D10C-4232-A6DB-100AED2121EF}.Release|Any CPU.Build.0 = Release|Any CPU
		{F0A0046C-2F1F-454F-B5B9-0A172247C2E7}.Debug|Any CPU.ActiveCfg = Debug|Any CPU
		{F0A0046C-2F1F-454F-B5B9-0A172247C2E7}.Debug|Any CPU.Build.0 = Debug|Any CPU
		{F0A0046C-2F1F-454F-B5B9-0A172247C2E7}.Release|Any CPU.ActiveCfg = Release|Any CPU
		{F0A0046C-2F1F-454F-B5B9-0A172247C2E7}.Release|Any CPU.Build.0 = Release|Any CPU
		{FD0E6E2B-ABB5-4C73-A03C-796B78D565B2}.Debug|Any CPU.ActiveCfg = Debug|Any CPU
		{FD0E6E2B-ABB5-4C73-A03C-796B78D565B2}.Debug|Any CPU.Build.0 = Debug|Any CPU
		{FD0E6E2B-ABB5-4C73-A03C-796B78D565B2}.Release|Any CPU.ActiveCfg = Release|Any CPU
		{FD0E6E2B-ABB5-4C73-A03C-796B78D565B2}.Release|Any CPU.Build.0 = Release|Any CPU
		{15CA705F-59E5-4E89-8E98-A3314C842897}.Debug|Any CPU.ActiveCfg = Debug|Any CPU
		{15CA705F-59E5-4E89-8E98-A3314C842897}.Debug|Any CPU.Build.0 = Debug|Any CPU
		{15CA705F-59E5-4E89-8E98-A3314C842897}.Release|Any CPU.ActiveCfg = Release|Any CPU
		{15CA705F-59E5-4E89-8E98-A3314C842897}.Release|Any CPU.Build.0 = Release|Any CPU
		{541519DB-1F5D-4AFF-90B9-0186E5B61DE8}.Debug|Any CPU.ActiveCfg = Debug|Any CPU
		{541519DB-1F5D-4AFF-90B9-0186E5B61DE8}.Debug|Any CPU.Build.0 = Debug|Any CPU
		{541519DB-1F5D-4AFF-90B9-0186E5B61DE8}.Release|Any CPU.ActiveCfg = Release|Any CPU
		{541519DB-1F5D-4AFF-90B9-0186E5B61DE8}.Release|Any CPU.Build.0 = Release|Any CPU
	EndGlobalSection
	GlobalSection(SolutionProperties) = preSolution
		HideSolutionNode = FALSE
	EndGlobalSection
	GlobalSection(NestedProjects) = preSolution
		{C16695FF-C843-4749-96A0-D18D18B1A5F4} = {02EA681E-C7D8-13C7-8484-4AC65E1B71E8}
		{5311FFE5-47E2-412D-B940-F5C2B4AFB7FA} = {02EA681E-C7D8-13C7-8484-4AC65E1B71E8}
		{E95CD4A0-776F-4E2D-8BBA-BAA119766576} = {02EA681E-C7D8-13C7-8484-4AC65E1B71E8}
		{368662A1-D10C-4232-A6DB-100AED2121EF} = {C16695FF-C843-4749-96A0-D18D18B1A5F4}
		{F0A0046C-2F1F-454F-B5B9-0A172247C2E7} = {E95CD4A0-776F-4E2D-8BBA-BAA119766576}
		{FD0E6E2B-ABB5-4C73-A03C-796B78D565B2} = {5311FFE5-47E2-412D-B940-F5C2B4AFB7FA}
		{15CA705F-59E5-4E89-8E98-A3314C842897} = {5311FFE5-47E2-412D-B940-F5C2B4AFB7FA}
		{541519DB-1F5D-4AFF-90B9-0186E5B61DE8} = {44475BE1-0AB8-451D-AC47-C4FC3DEE519C}
	EndGlobalSection
	GlobalSection(ExtensibilityGlobals) = postSolution
		SolutionGuid = {AFD4F503-79AC-439D-B4D5-F195E372B53F}
	EndGlobalSection
EndGlobal
